// !$*UTF8*$!
{
	archiveVersion = 1;
	classes = {
	};
	objectVersion = 46;
	objects = {

/* Begin PBXBuildFile section */
		3517F1291C34CB02001A4E79 /* AppDelegate.swift in Sources */ = {isa = PBXBuildFile; fileRef = 3517F1281C34CB02001A4E79 /* AppDelegate.swift */; };
		3517F12B1C34CB02001A4E79 /* CheckListViewController.swift in Sources */ = {isa = PBXBuildFile; fileRef = 3517F12A1C34CB02001A4E79 /* CheckListViewController.swift */; };
		3517F12E1C34CB02001A4E79 /* Main.storyboard in Resources */ = {isa = PBXBuildFile; fileRef = 3517F12C1C34CB02001A4E79 /* Main.storyboard */; };
		3517F1301C34CB02001A4E79 /* Assets.xcassets in Resources */ = {isa = PBXBuildFile; fileRef = 3517F12F1C34CB02001A4E79 /* Assets.xcassets */; };
		3517F1331C34CB02001A4E79 /* LaunchScreen.storyboard in Resources */ = {isa = PBXBuildFile; fileRef = 3517F1311C34CB02001A4E79 /* LaunchScreen.storyboard */; };
		3517F13B1C351953001A4E79 /* ChecklistItem.swift in Sources */ = {isa = PBXBuildFile; fileRef = 3517F13A1C351953001A4E79 /* ChecklistItem.swift */; };
		3519702A1C5326D200F62D39 /* AddItemViewController.swift in Sources */ = {isa = PBXBuildFile; fileRef = 351970291C5326D200F62D39 /* AddItemViewController.swift */; };
/* End PBXBuildFile section */

/* Begin PBXFileReference section */
		3517F1251C34CB02001A4E79 /* Todolist.app */ = {isa = PBXFileReference; explicitFileType = wrapper.application; includeInIndex = 0; path = Todolist.app; sourceTree = BUILT_PRODUCTS_DIR; };
		3517F1281C34CB02001A4E79 /* AppDelegate.swift */ = {isa = PBXFileReference; lastKnownFileType = sourcecode.swift; path = AppDelegate.swift; sourceTree = "<group>"; };
		3517F12A1C34CB02001A4E79 /* CheckListViewController.swift */ = {isa = PBXFileReference; lastKnownFileType = sourcecode.swift; path = CheckListViewController.swift; sourceTree = "<group>"; };
		3517F12D1C34CB02001A4E79 /* Base */ = {isa = PBXFileReference; lastKnownFileType = file.storyboard; name = Base; path = Base.lproj/Main.storyboard; sourceTree = "<group>"; };
		3517F12F1C34CB02001A4E79 /* Assets.xcassets */ = {isa = PBXFileReference; lastKnownFileType = folder.assetcatalog; path = Assets.xcassets; sourceTree = "<group>"; };
		3517F1321C34CB02001A4E79 /* Base */ = {isa = PBXFileReference; lastKnownFileType = file.storyboard; name = Base; path = Base.lproj/LaunchScreen.storyboard; sourceTree = "<group>"; };
		3517F1341C34CB02001A4E79 /* Info.plist */ = {isa = PBXFileReference; lastKnownFileType = text.plist.xml; path = Info.plist; sourceTree = "<group>"; };
		3517F13A1C351953001A4E79 /* ChecklistItem.swift */ = {isa = PBXFileReference; fileEncoding = 4; lastKnownFileType = sourcecode.swift; path = ChecklistItem.swift; sourceTree = "<group>"; };
		351970291C5326D200F62D39 /* AddItemViewController.swift */ = {isa = PBXFileReference; fileEncoding = 4; lastKnownFileType = sourcecode.swift; path = AddItemViewController.swift; sourceTree = "<group>"; };
/* End PBXFileReference section */

/* Begin PBXFrameworksBuildPhase section */
		3517F1221C34CB02001A4E79 /* Frameworks */ = {
			isa = PBXFrameworksBuildPhase;
			buildActionMask = 2147483647;
			files = (
			);
			runOnlyForDeploymentPostprocessing = 0;
		};
/* End PBXFrameworksBuildPhase section */

/* Begin PBXGroup section */
		3517F11C1C34CB02001A4E79 = {
			isa = PBXGroup;
			children = (
				3517F1271C34CB02001A4E79 /* Todolist */,
				3517F1261C34CB02001A4E79 /* Products */,
			);
			sourceTree = "<group>";
		};
		3517F1261C34CB02001A4E79 /* Products */ = {
			isa = PBXGroup;
			children = (
				3517F1251C34CB02001A4E79 /* Todolist.app */,
			);
			name = Products;
			sourceTree = "<group>";
		};
		3517F1271C34CB02001A4E79 /* Todolist */ = {
			isa = PBXGroup;
			children = (
				3517F1281C34CB02001A4E79 /* AppDelegate.swift */,
				3517F12A1C34CB02001A4E79 /* CheckListViewController.swift */,
				3517F13A1C351953001A4E79 /* ChecklistItem.swift */,
				3517F12C1C34CB02001A4E79 /* Main.storyboard */,
				351970291C5326D200F62D39 /* AddItemViewController.swift */,
				3517F12F1C34CB02001A4E79 /* Assets.xcassets */,
				3517F1311C34CB02001A4E79 /* LaunchScreen.storyboard */,
				3517F1341C34CB02001A4E79 /* Info.plist */,
			);
			path = Todolist;
			sourceTree = "<group>";
		};
/* End PBXGroup section */

/* Begin PBXNativeTarget section */
		3517F1241C34CB02001A4E79 /* Todolist */ = {
			isa = PBXNativeTarget;
			buildConfigurationList = 3517F1371C34CB02001A4E79 /* Build configuration list for PBXNativeTarget "Todolist" */;
			buildPhases = (
				3517F1211C34CB02001A4E79 /* Sources */,
				3517F1221C34CB02001A4E79 /* Frameworks */,
				3517F1231C34CB02001A4E79 /* Resources */,
			);
			buildRules = (
			);
			dependencies = (
			);
			name = Todolist;
			productName = Todolist;
			productReference = 3517F1251C34CB02001A4E79 /* Todolist.app */;
			productType = "com.apple.product-type.application";
		};
/* End PBXNativeTarget section */

/* Begin PBXProject section */
		3517F11D1C34CB02001A4E79 /* Project object */ = {
			isa = PBXProject;
			attributes = {
				LastSwiftUpdateCheck = 0720;
				LastUpgradeCheck = 0720;
				ORGANIZATIONNAME = Dimo;
				TargetAttributes = {
					3517F1241C34CB02001A4E79 = {
						CreatedOnToolsVersion = 7.2;
					};
				};
			};
			buildConfigurationList = 3517F1201C34CB02001A4E79 /* Build configuration list for PBXProject "Todolist" */;
			compatibilityVersion = "Xcode 3.2";
			developmentRegion = English;
			hasScannedForEncodings = 0;
			knownRegions = (
				en,
				Base,
			);
			mainGroup = 3517F11C1C34CB02001A4E79;
			productRefGroup = 3517F1261C34CB02001A4E79 /* Products */;
			projectDirPath = "";
			projectRoot = "";
			targets = (
				3517F1241C34CB02001A4E79 /* Todolist */,
			);
		};
/* End PBXProject section */

/* Begin PBXResourcesBuildPhase section */
		3517F1231C34CB02001A4E79 /* Resources */ = {
			isa = PBXResourcesBuildPhase;
			buildActionMask = 2147483647;
			files = (
				3517F1331C34CB02001A4E79 /* LaunchScreen.storyboard in Resources */,
				3517F1301C34CB02001A4E79 /* Assets.xcassets in Resources */,
				3517F12E1C34CB02001A4E79 /* Main.storyboard in Resources */,
			);
			runOnlyForDeploymentPostprocessing = 0;
		};
/* End PBXResourcesBuildPhase section */

/* Begin PBXSourcesBuildPhase section */
		3517F1211C34CB02001A4E79 /* Sources */ = {
			isa = PBXSourcesBuildPhase;
			buildActionMask = 2147483647;
			files = (
				3517F12B1C34CB02001A4E79 /* CheckListViewController.swift in Sources */,
				3519702A1C5326D200F62D39 /* AddItemViewController.swift in Sources */,
				3517F13B1C351953001A4E79 /* ChecklistItem.swift in Sources */,
				3517F1291C34CB02001A4E79 /* AppDelegate.swift in Sources */,
			);
			runOnlyForDeploymentPostprocessing = 0;
		};
/* End PBXSourcesBuildPhase section */

/* Begin PBXVariantGroup section */
		3517F12C1C34CB02001A4E79 /* Main.storyboard */ = {
			isa = PBXVariantGroup;
			children = (
				3517F12D1C34CB02001A4E79 /* Base */,
			);
			name = Main.storyboard;
			sourceTree = "<group>";
		};
		3517F1311C34CB02001A4E79 /* LaunchScreen.storyboard */ = {
			isa = PBXVariantGroup;
			children = (
				3517F1321C34CB02001A4E79 /* Base */,
			);
			name = LaunchScreen.storyboard;
			sourceTree = "<group>";
		};
/* End PBXVariantGroup section */

/* Begin XCBuildConfiguration section */
		3517F1351C34CB02001A4E79 /* Debug */ = {
			isa = XCBuildConfiguration;
			buildSettings = {
				ALWAYS_SEARCH_USER_PATHS = NO;
				CLANG_CXX_LANGUAGE_STANDARD = "gnu++0x";
				CLANG_CXX_LIBRARY = "libc++";
				CLANG_ENABLE_MODULES = YES;
				CLANG_ENABLE_OBJC_ARC = YES;
				CLANG_WARN_BOOL_CONVERSION = YES;
				CLANG_WARN_CONSTANT_CONVERSION = YES;
				CLANG_WARN_DIRECT_OBJC_ISA_USAGE = YES_ERROR;
				CLANG_WARN_EMPTY_BODY = YES;
				CLANG_WARN_ENUM_CONVERSION = YES;
				CLANG_WARN_INT_CONVERSION = YES;
				CLANG_WARN_OBJC_ROOT_CLASS = YES_ERROR;
				CLANG_WARN_UNREACHABLE_CODE = YES;
				CLANG_WARN__DUPLICATE_METHOD_MATCH = YES;
				"CODE_SIGN_IDENTITY[sdk=iphoneos*]" = "iPhone Developer";
				COPY_PHASE_STRIP = NO;
				DEBUG_INFORMATION_FORMAT = dwarf;
				ENABLE_STRICT_OBJC_MSGSEND = YES;
				ENABLE_TESTABILITY = YES;
				GCC_C_LANGUAGE_STANDARD = gnu99;
				GCC_DYNAMIC_NO_PIC = NO;
				GCC_NO_COMMON_BLOCKS = YES;
				GCC_OPTIMIZATION_LEVEL = 0;
				GCC_PREPROCESSOR_DEFINITIONS = (
					"DEBUG=1",
					"$(inherited)",
				);
				GCC_WARN_64_TO_32_BIT_CONVERSION = YES;
				GCC_WARN_ABOUT_RETURN_TYPE = YES_ERROR;
				GCC_WARN_UNDECLARED_SELECTOR = YES;
				GCC_WARN_UNINITIALIZED_AUTOS = YES_AGGRESSIVE;
				GCC_WARN_UNUSED_FUNCTION = YES;
				GCC_WARN_UNUSED_VARIABLE = YES;
				IPHONEOS_DEPLOYMENT_TARGET = 9.2;
				MTL_ENABLE_DEBUG_INFO = YES;
				ONLY_ACTIVE_ARCH = YES;
				SDKROOT = iphoneos;
				SWIFT_OPTIMIZATION_LEVEL = "-Onone";
				TARGETED_DEVICE_FAMILY = "1,2";
			};
			name = Debug;
		};
		3517F1361C34CB02001A4E79 /* Release */ = {
			isa = XCBuildConfiguration;
			buildSettings = {
				ALWAYS_SEARCH_USER_PATHS = NO;
				CLANG_CXX_LANGUAGE_STANDARD = "gnu++0x";
				CLANG_CXX_LIBRARY = "libc++";
				CLANG_ENABLE_MODULES = YES;
				CLANG_ENABLE_OBJC_ARC = YES;
				CLANG_WARN_BOOL_CONVERSION = YES;
				CLANG_WARN_CONSTANT_CONVERSION = YES;
				CLANG_WARN_DIRECT_OBJC_ISA_USAGE = YES_ERROR;
				CLANG_WARN_EMPTY_BODY = YES;
				CLANG_WARN_ENUM_CONVERSION = YES;
				CLANG_WARN_INT_CONVERSION = YES;
				CLANG_WARN_OBJC_ROOT_CLASS = YES_ERROR;
				CLANG_WARN_UNREACHABLE_CODE = YES;
				CLANG_WARN__DUPLICATE_METHOD_MATCH = YES;
				"CODE_SIGN_IDENTITY[sdk=iphoneos*]" = "iPhone Developer";
				COPY_PHASE_STRIP = NO;
				DEBUG_INFORMATION_FORMAT = "dwarf-with-dsym";
				ENABLE_NS_ASSERTIONS = NO;
				ENABLE_STRICT_OBJC_MSGSEND = YES;
				GCC_C_LANGUAGE_STANDARD = gnu99;
				GCC_NO_COMMON_BLOCKS = YES;
				GCC_WARN_64_TO_32_BIT_CONVERSION = YES;
				GCC_WARN_ABOUT_RETURN_TYPE = YES_ERROR;
				GCC_WARN_UNDECLARED_SELECTOR = YES;
				GCC_WARN_UNINITIALIZED_AUTOS = YES_AGGRESSIVE;
				GCC_WARN_UNUSED_FUNCTION = YES;
				GCC_WARN_UNUSED_VARIABLE = YES;
				IPHONEOS_DEPLOYMENT_TARGET = 9.2;
				MTL_ENABLE_DEBUG_INFO = NO;
				SDKROOT = iphoneos;
				TARGETED_DEVICE_FAMILY = "1,2";
				VALIDATE_PRODUCT = YES;
			};
			name = Release;
		};
		3517F1381C34CB02001A4E79 /* Debug */ = {
			isa = XCBuildConfiguration;
			buildSettings = {
				ASSETCATALOG_COMPILER_APPICON_NAME = AppIcon;
				INFOPLIST_FILE = Todolist/Info.plist;
				LD_RUNPATH_SEARCH_PATHS = "$(inherited) @executable_path/Frameworks";
				PRODUCT_BUNDLE_IDENTIFIER = dd.dimo.Todolist;
				PRODUCT_NAME = "$(TARGET_NAME)";
			};
			name = Debug;
		};
		3517F1391C34CB02001A4E79 /* Release */ = {
			isa = XCBuildConfiguration;
			buildSettings = {
				ASSETCATALOG_COMPILER_APPICON_NAME = AppIcon;
				INFOPLIST_FILE = Todolist/Info.plist;
				LD_RUNPATH_SEARCH_PATHS = "$(inherited) @executable_path/Frameworks";
				PRODUCT_BUNDLE_IDENTIFIER = dd.dimo.Todolist;
				PRODUCT_NAME = "$(TARGET_NAME)";
			};
			name = Release;
		};
/* End XCBuildConfiguration section */

/* Begin XCConfigurationList section */
		3517F1201C34CB02001A4E79 /* Build configuration list for PBXProject "Todolist" */ = {
			isa = XCConfigurationList;
			buildConfigurations = (
				3517F1351C34CB02001A4E79 /* Debug */,
				3517F1361C34CB02001A4E79 /* Release */,
			);
			defaultConfigurationIsVisible = 0;
			defaultConfigurationName = Release;
		};
		3517F1371C34CB02001A4E79 /* Build configuration list for PBXNativeTarget "Todolist" */ = {
			isa = XCConfigurationList;
			buildConfigurations = (
				3517F1381C34CB02001A4E79 /* Debug */,
				3517F1391C34CB02001A4E79 /* Release */,
			);
			defaultConfigurationIsVisible = 0;
			defaultConfigurationName = Release;
		};
/* End XCConfigurationList section */
	};
	rootObject = 3517F11D1C34CB02001A4E79 /* Project object */;
}
